
Microsoft Visual Studio Solution File, Format Version 12.00
# Visual Studio Version 17
VisualStudioVersion = 17.4.33213.308
MinimumVisualStudioVersion = 10.0.40219.1
Project("{9A19103F-16F7-4668-BE54-9A1E7A4F7556}") = "ContactManager", "ContactManager.csproj", "{8697A911-CCDA-451C-9687-789116007DE2}"
EndProject
Global
	GlobalSection(SolutionConfigurationPlatforms) = preSolution
		Debug|Any CPU = Debug|Any CPU
		Release|Any CPU = Release|Any CPU
	EndGlobalSection
	GlobalSection(ProjectConfigurationPlatforms) = postSolution
		{8697A911-CCDA-451C-9687-789116007DE2}.Debug|Any CPU.ActiveCfg = Debug|Any CPU
		{8697A911-CCDA-451C-9687-789116007DE2}.Debug|Any CPU.Build.0 = Debug|Any CPU
		{8697A911-CCDA-451C-9687-789116007DE2}.Release|Any CPU.ActiveCfg = Release|Any CPU
		{8697A911-CCDA-451C-9687-789116007DE2}.Release|Any CPU.Build.0 = Release|Any CPU
	EndGlobalSection
	GlobalSection(SolutionProperties) = preSolution
		HideSolutionNode = FALSE
	EndGlobalSection
	GlobalSection(ExtensibilityGlobals) = postSolution
		SolutionGuid = {E0F00739-2757-4031-8BEF-7AFDD0207A99}
	EndGlobalSection
EndGlobal
